// !$*UTF8*$!
{
	archiveVersion = 1;
	classes = {
	};
	objectVersion = 46;
	objects = {

/* Begin PBXBuildFile section */
		86A3D07B1917938700C50845 /* SZConnector.m in Sources */ = {isa = PBXBuildFile; fileRef = 86A3D07A1917938700C50845 /* SZConnector.m */; };
		86D9769019139FDD00D5C854 /* Foundation.framework in Frameworks */ = {isa = PBXBuildFile; fileRef = 86D9768F19139FDD00D5C854 /* Foundation.framework */; };
		86D9769219139FDD00D5C854 /* CoreGraphics.framework in Frameworks */ = {isa = PBXBuildFile; fileRef = 86D9769119139FDD00D5C854 /* CoreGraphics.framework */; };
		86D9769419139FDE00D5C854 /* UIKit.framework in Frameworks */ = {isa = PBXBuildFile; fileRef = 86D9769319139FDE00D5C854 /* UIKit.framework */; };
		86D9769A19139FDE00D5C854 /* InfoPlist.strings in Resources */ = {isa = PBXBuildFile; fileRef = 86D9769819139FDE00D5C854 /* InfoPlist.strings */; };
		86D9769C19139FDE00D5C854 /* main.m in Sources */ = {isa = PBXBuildFile; fileRef = 86D9769B19139FDE00D5C854 /* main.m */; };
		86D976A019139FDE00D5C854 /* SZAppDelegate.m in Sources */ = {isa = PBXBuildFile; fileRef = 86D9769F19139FDE00D5C854 /* SZAppDelegate.m */; };
		86D976A319139FDE00D5C854 /* Main.storyboard in Resources */ = {isa = PBXBuildFile; fileRef = 86D976A119139FDE00D5C854 /* Main.storyboard */; };
		86D976A619139FDE00D5C854 /* SZViewController.m in Sources */ = {isa = PBXBuildFile; fileRef = 86D976A519139FDE00D5C854 /* SZViewController.m */; };
		86D976A819139FDE00D5C854 /* Images.xcassets in Resources */ = {isa = PBXBuildFile; fileRef = 86D976A719139FDE00D5C854 /* Images.xcassets */; };
		86D976AF19139FDE00D5C854 /* XCTest.framework in Frameworks */ = {isa = PBXBuildFile; fileRef = 86D976AE19139FDE00D5C854 /* XCTest.framework */; };
		86D976B019139FDE00D5C854 /* Foundation.framework in Frameworks */ = {isa = PBXBuildFile; fileRef = 86D9768F19139FDD00D5C854 /* Foundation.framework */; };
		86D976B119139FDE00D5C854 /* UIKit.framework in Frameworks */ = {isa = PBXBuildFile; fileRef = 86D9769319139FDE00D5C854 /* UIKit.framework */; };
		86D976B919139FDE00D5C854 /* InfoPlist.strings in Resources */ = {isa = PBXBuildFile; fileRef = 86D976B719139FDE00D5C854 /* InfoPlist.strings */; };
		86D976BB19139FDE00D5C854 /* Seznam_DemoTests.m in Sources */ = {isa = PBXBuildFile; fileRef = 86D976BA19139FDE00D5C854 /* Seznam_DemoTests.m */; };
		86D976C61913A19A00D5C854 /* SZThumbnailView.m in Sources */ = {isa = PBXBuildFile; fileRef = 86D976C51913A19A00D5C854 /* SZThumbnailView.m */; };
		86D976CF1913EF3200D5C854 /* SZImageView.m in Sources */ = {isa = PBXBuildFile; fileRef = 86D976CE1913EF3200D5C854 /* SZImageView.m */; };
		86FD7DC4191A5E0000D0859D /* Share Image.png in Resources */ = {isa = PBXBuildFile; fileRef = 86FD7DC3191A5E0000D0859D /* Share Image.png */; };
/* End PBXBuildFile section */

/* Begin PBXContainerItemProxy section */
		86D976B219139FDE00D5C854 /* PBXContainerItemProxy */ = {
			isa = PBXContainerItemProxy;
			containerPortal = 86D9768419139FDD00D5C854 /* Project object */;
			proxyType = 1;
			remoteGlobalIDString = 86D9768B19139FDD00D5C854;
			remoteInfo = "Seznam Demo";
		};
/* End PBXContainerItemProxy section */

/* Begin PBXFileReference section */
		86A3D0791917938700C50845 /* SZConnector.h */ = {isa = PBXFileReference; fileEncoding = 4; lastKnownFileType = sourcecode.c.h; path = SZConnector.h; sourceTree = "<group>"; };
		86A3D07A1917938700C50845 /* SZConnector.m */ = {isa = PBXFileReference; fileEncoding = 4; lastKnownFileType = sourcecode.c.objc; path = SZConnector.m; sourceTree = "<group>"; };
		86D9768C19139FDD00D5C854 /* Seznam Demo.app */ = {isa = PBXFileReference; explicitFileType = wrapper.application; includeInIndex = 0; path = "Seznam Demo.app"; sourceTree = BUILT_PRODUCTS_DIR; };
		86D9768F19139FDD00D5C854 /* Foundation.framework */ = {isa = PBXFileReference; lastKnownFileType = wrapper.framework; name = Foundation.framework; path = System/Library/Frameworks/Foundation.framework; sourceTree = SDKROOT; };
		86D9769119139FDD00D5C854 /* CoreGraphics.framework */ = {isa = PBXFileReference; lastKnownFileType = wrapper.framework; name = CoreGraphics.framework; path = System/Library/Frameworks/CoreGraphics.framework; sourceTree = SDKROOT; };
		86D9769319139FDE00D5C854 /* UIKit.framework */ = {isa = PBXFileReference; lastKnownFileType = wrapper.framework; name = UIKit.framework; path = System/Library/Frameworks/UIKit.framework; sourceTree = SDKROOT; };
		86D9769719139FDE00D5C854 /* Seznam Demo-Info.plist */ = {isa = PBXFileReference; lastKnownFileType = text.plist.xml; path = "Seznam Demo-Info.plist"; sourceTree = "<group>"; };
		86D9769919139FDE00D5C854 /* en */ = {isa = PBXFileReference; lastKnownFileType = text.plist.strings; name = en; path = en.lproj/InfoPlist.strings; sourceTree = "<group>"; };
		86D9769B19139FDE00D5C854 /* main.m */ = {isa = PBXFileReference; lastKnownFileType = sourcecode.c.objc; path = main.m; sourceTree = "<group>"; };
		86D9769D19139FDE00D5C854 /* Seznam Demo-Prefix.pch */ = {isa = PBXFileReference; lastKnownFileType = sourcecode.c.h; path = "Seznam Demo-Prefix.pch"; sourceTree = "<group>"; };
		86D9769E19139FDE00D5C854 /* SZAppDelegate.h */ = {isa = PBXFileReference; lastKnownFileType = sourcecode.c.h; path = SZAppDelegate.h; sourceTree = "<group>"; };
		86D9769F19139FDE00D5C854 /* SZAppDelegate.m */ = {isa = PBXFileReference; lastKnownFileType = sourcecode.c.objc; path = SZAppDelegate.m; sourceTree = "<group>"; };
		86D976A219139FDE00D5C854 /* Base */ = {isa = PBXFileReference; lastKnownFileType = file.storyboard; name = Base; path = Base.lproj/Main.storyboard; sourceTree = "<group>"; };
		86D976A419139FDE00D5C854 /* SZViewController.h */ = {isa = PBXFileReference; lastKnownFileType = sourcecode.c.h; path = SZViewController.h; sourceTree = "<group>"; };
		86D976A519139FDE00D5C854 /* SZViewController.m */ = {isa = PBXFileReference; lastKnownFileType = sourcecode.c.objc; path = SZViewController.m; sourceTree = "<group>"; };
		86D976A719139FDE00D5C854 /* Images.xcassets */ = {isa = PBXFileReference; lastKnownFileType = folder.assetcatalog; path = Images.xcassets; sourceTree = "<group>"; };
		86D976AD19139FDE00D5C854 /* Seznam DemoTests.xctest */ = {isa = PBXFileReference; explicitFileType = wrapper.cfbundle; includeInIndex = 0; path = "Seznam DemoTests.xctest"; sourceTree = BUILT_PRODUCTS_DIR; };
		86D976AE19139FDE00D5C854 /* XCTest.framework */ = {isa = PBXFileReference; lastKnownFileType = wrapper.framework; name = XCTest.framework; path = Library/Frameworks/XCTest.framework; sourceTree = DEVELOPER_DIR; };
		86D976B619139FDE00D5C854 /* Seznam DemoTests-Info.plist */ = {isa = PBXFileReference; lastKnownFileType = text.plist.xml; path = "Seznam DemoTests-Info.plist"; sourceTree = "<group>"; };
		86D976B819139FDE00D5C854 /* en */ = {isa = PBXFileReference; lastKnownFileType = text.plist.strings; name = en; path = en.lproj/InfoPlist.strings; sourceTree = "<group>"; };
		86D976BA19139FDE00D5C854 /* Seznam_DemoTests.m */ = {isa = PBXFileReference; lastKnownFileType = sourcecode.c.objc; path = Seznam_DemoTests.m; sourceTree = "<group>"; };
		86D976C41913A19A00D5C854 /* SZThumbnailView.h */ = {isa = PBXFileReference; fileEncoding = 4; lastKnownFileType = sourcecode.c.h; path = SZThumbnailView.h; sourceTree = "<group>"; };
		86D976C51913A19A00D5C854 /* SZThumbnailView.m */ = {isa = PBXFileReference; fileEncoding = 4; lastKnownFileType = sourcecode.c.objc; path = SZThumbnailView.m; sourceTree = "<group>"; };
		86D976CD1913EF3200D5C854 /* SZImageView.h */ = {isa = PBXFileReference; fileEncoding = 4; lastKnownFileType = sourcecode.c.h; path = SZImageView.h; sourceTree = "<group>"; };
		86D976CE1913EF3200D5C854 /* SZImageView.m */ = {isa = PBXFileReference; fileEncoding = 4; lastKnownFileType = sourcecode.c.objc; path = SZImageView.m; sourceTree = "<group>"; };
		86FD7DC3191A5E0000D0859D /* Share Image.png */ = {isa = PBXFileReference; lastKnownFileType = image.png; path = "Share Image.png"; sourceTree = "<group>"; };
/* End PBXFileReference section */

/* Begin PBXFrameworksBuildPhase section */
		86D9768919139FDD00D5C854 /* Frameworks */ = {
			isa = PBXFrameworksBuildPhase;
			buildActionMask = 2147483647;
			files = (
				86D9769219139FDD00D5C854 /* CoreGraphics.framework in Frameworks */,
				86D9769419139FDE00D5C854 /* UIKit.framework in Frameworks */,
				86D9769019139FDD00D5C854 /* Foundation.framework in Frameworks */,
			);
			runOnlyForDeploymentPostprocessing = 0;
		};
		86D976AA19139FDE00D5C854 /* Frameworks */ = {
			isa = PBXFrameworksBuildPhase;
			buildActionMask = 2147483647;
			files = (
				86D976AF19139FDE00D5C854 /* XCTest.framework in Frameworks */,
				86D976B119139FDE00D5C854 /* UIKit.framework in Frameworks */,
				86D976B019139FDE00D5C854 /* Foundation.framework in Frameworks */,
			);
			runOnlyForDeploymentPostprocessing = 0;
		};
/* End PBXFrameworksBuildPhase section */

/* Begin PBXGroup section */
		86D9768319139FDD00D5C854 = {
			isa = PBXGroup;
			children = (
				86D9769519139FDE00D5C854 /* Seznam Demo */,
				86D976B419139FDE00D5C854 /* Seznam DemoTests */,
				86D9768E19139FDD00D5C854 /* Frameworks */,
				86D9768D19139FDD00D5C854 /* Products */,
			);
			sourceTree = "<group>";
		};
		86D9768D19139FDD00D5C854 /* Products */ = {
			isa = PBXGroup;
			children = (
				86D9768C19139FDD00D5C854 /* Seznam Demo.app */,
				86D976AD19139FDE00D5C854 /* Seznam DemoTests.xctest */,
			);
			name = Products;
			sourceTree = "<group>";
		};
		86D9768E19139FDD00D5C854 /* Frameworks */ = {
			isa = PBXGroup;
			children = (
				86D9768F19139FDD00D5C854 /* Foundation.framework */,
				86D9769119139FDD00D5C854 /* CoreGraphics.framework */,
				86D9769319139FDE00D5C854 /* UIKit.framework */,
				86D976AE19139FDE00D5C854 /* XCTest.framework */,
			);
			name = Frameworks;
			sourceTree = "<group>";
		};
		86D9769519139FDE00D5C854 /* Seznam Demo */ = {
			isa = PBXGroup;
			children = (
				86D9769E19139FDE00D5C854 /* SZAppDelegate.h */,
				86D9769F19139FDE00D5C854 /* SZAppDelegate.m */,
				86D976A119139FDE00D5C854 /* Main.storyboard */,
				86D976A419139FDE00D5C854 /* SZViewController.h */,
				86D976A519139FDE00D5C854 /* SZViewController.m */,
				86D976CD1913EF3200D5C854 /* SZImageView.h */,
				86D976CE1913EF3200D5C854 /* SZImageView.m */,
				86D976C41913A19A00D5C854 /* SZThumbnailView.h */,
				86D976C51913A19A00D5C854 /* SZThumbnailView.m */,
				86A3D0791917938700C50845 /* SZConnector.h */,
				86A3D07A1917938700C50845 /* SZConnector.m */,
				86D976A719139FDE00D5C854 /* Images.xcassets */,
				86D9769619139FDE00D5C854 /* Supporting Files */,
			);
			path = "Seznam Demo";
			sourceTree = "<group>";
		};
		86D9769619139FDE00D5C854 /* Supporting Files */ = {
			isa = PBXGroup;
			children = (
				86FD7DC3191A5E0000D0859D /* Share Image.png */,
				86D9769719139FDE00D5C854 /* Seznam Demo-Info.plist */,
				86D9769819139FDE00D5C854 /* InfoPlist.strings */,
				86D9769B19139FDE00D5C854 /* main.m */,
				86D9769D19139FDE00D5C854 /* Seznam Demo-Prefix.pch */,
			);
			name = "Supporting Files";
			sourceTree = "<group>";
		};
		86D976B419139FDE00D5C854 /* Seznam DemoTests */ = {
			isa = PBXGroup;
			children = (
				86D976BA19139FDE00D5C854 /* Seznam_DemoTests.m */,
				86D976B519139FDE00D5C854 /* Supporting Files */,
			);
			path = "Seznam DemoTests";
			sourceTree = "<group>";
		};
		86D976B519139FDE00D5C854 /* Supporting Files */ = {
			isa = PBXGroup;
			children = (
				86D976B619139FDE00D5C854 /* Seznam DemoTests-Info.plist */,
				86D976B719139FDE00D5C854 /* InfoPlist.strings */,
			);
			name = "Supporting Files";
			sourceTree = "<group>";
		};
/* End PBXGroup section */

/* Begin PBXNativeTarget section */
		86D9768B19139FDD00D5C854 /* Seznam Demo */ = {
			isa = PBXNativeTarget;
			buildConfigurationList = 86D976BE19139FDE00D5C854 /* Build configuration list for PBXNativeTarget "Seznam Demo" */;
			buildPhases = (
				86D9768819139FDD00D5C854 /* Sources */,
				86D9768919139FDD00D5C854 /* Frameworks */,
				86D9768A19139FDD00D5C854 /* Resources */,
			);
			buildRules = (
			);
			dependencies = (
			);
			name = "Seznam Demo";
			productName = "Seznam Demo";
			productReference = 86D9768C19139FDD00D5C854 /* Seznam Demo.app */;
			productType = "com.apple.product-type.application";
		};
		86D976AC19139FDE00D5C854 /* Seznam DemoTests */ = {
			isa = PBXNativeTarget;
			buildConfigurationList = 86D976C119139FDE00D5C854 /* Build configuration list for PBXNativeTarget "Seznam DemoTests" */;
			buildPhases = (
				86D976A919139FDE00D5C854 /* Sources */,
				86D976AA19139FDE00D5C854 /* Frameworks */,
				86D976AB19139FDE00D5C854 /* Resources */,
			);
			buildRules = (
			);
			dependencies = (
				86D976B319139FDE00D5C854 /* PBXTargetDependency */,
			);
			name = "Seznam DemoTests";
			productName = "Seznam DemoTests";
			productReference = 86D976AD19139FDE00D5C854 /* Seznam DemoTests.xctest */;
			productType = "com.apple.product-type.bundle.unit-test";
		};
/* End PBXNativeTarget section */

/* Begin PBXProject section */
		86D9768419139FDD00D5C854 /* Project object */ = {
			isa = PBXProject;
			attributes = {
				CLASSPREFIX = SZ;
				LastUpgradeCheck = 0510;
				ORGANIZATIONNAME = "Peter Molnár";
				TargetAttributes = {
					86D976AC19139FDE00D5C854 = {
						TestTargetID = 86D9768B19139FDD00D5C854;
					};
				};
			};
			buildConfigurationList = 86D9768719139FDD00D5C854 /* Build configuration list for PBXProject "Seznam Demo" */;
			compatibilityVersion = "Xcode 3.2";
			developmentRegion = English;
			hasScannedForEncodings = 0;
			knownRegions = (
				en,
				Base,
			);
			mainGroup = 86D9768319139FDD00D5C854;
			productRefGroup = 86D9768D19139FDD00D5C854 /* Products */;
			projectDirPath = "";
			projectRoot = "";
			targets = (
				86D9768B19139FDD00D5C854 /* Seznam Demo */,
				86D976AC19139FDE00D5C854 /* Seznam DemoTests */,
			);
		};
/* End PBXProject section */

/* Begin PBXResourcesBuildPhase section */
		86D9768A19139FDD00D5C854 /* Resources */ = {
			isa = PBXResourcesBuildPhase;
			buildActionMask = 2147483647;
			files = (
				86FD7DC4191A5E0000D0859D /* Share Image.png in Resources */,
				86D976A819139FDE00D5C854 /* Images.xcassets in Resources */,
				86D9769A19139FDE00D5C854 /* InfoPlist.strings in Resources */,
				86D976A319139FDE00D5C854 /* Main.storyboard in Resources */,
			);
			runOnlyForDeploymentPostprocessing = 0;
		};
		86D976AB19139FDE00D5C854 /* Resources */ = {
			isa = PBXResourcesBuildPhase;
			buildActionMask = 2147483647;
			files = (
				86D976B919139FDE00D5C854 /* InfoPlist.strings in Resources */,
			);
			runOnlyForDeploymentPostprocessing = 0;
		};
/* End PBXResourcesBuildPhase section */

/* Begin PBXSourcesBuildPhase section */
		86D9768819139FDD00D5C854 /* Sources */ = {
			isa = PBXSourcesBuildPhase;
			buildActionMask = 2147483647;
			files = (
				86A3D07B1917938700C50845 /* SZConnector.m in Sources */,
				86D976C61913A19A00D5C854 /* SZThumbnailView.m in Sources */,
				86D976A619139FDE00D5C854 /* SZViewController.m in Sources */,
				86D976CF1913EF3200D5C854 /* SZImageView.m in Sources */,
				86D9769C19139FDE00D5C854 /* main.m in Sources */,
				86D976A019139FDE00D5C854 /* SZAppDelegate.m in Sources */,
			);
			runOnlyForDeploymentPostprocessing = 0;
		};
		86D976A919139FDE00D5C854 /* Sources */ = {
			isa = PBXSourcesBuildPhase;
			buildActionMask = 2147483647;
			files = (
				86D976BB19139FDE00D5C854 /* Seznam_DemoTests.m in Sources */,
			);
			runOnlyForDeploymentPostprocessing = 0;
		};
/* End PBXSourcesBuildPhase section */

/* Begin PBXTargetDependency section */
		86D976B319139FDE00D5C854 /* PBXTargetDependency */ = {
			isa = PBXTargetDependency;
			target = 86D9768B19139FDD00D5C854 /* Seznam Demo */;
			targetProxy = 86D976B219139FDE00D5C854 /* PBXContainerItemProxy */;
		};
/* End PBXTargetDependency section */

/* Begin PBXVariantGroup section */
		86D9769819139FDE00D5C854 /* InfoPlist.strings */ = {
			isa = PBXVariantGroup;
			children = (
				86D9769919139FDE00D5C854 /* en */,
			);
			name = InfoPlist.strings;
			sourceTree = "<group>";
		};
		86D976A119139FDE00D5C854 /* Main.storyboard */ = {
			isa = PBXVariantGroup;
			children = (
				86D976A219139FDE00D5C854 /* Base */,
			);
			name = Main.storyboard;
			sourceTree = "<group>";
		};
		86D976B719139FDE00D5C854 /* InfoPlist.strings */ = {
			isa = PBXVariantGroup;
			children = (
				86D976B819139FDE00D5C854 /* en */,
			);
			name = InfoPlist.strings;
			sourceTree = "<group>";
		};
/* End PBXVariantGroup section */

/* Begin XCBuildConfiguration section */
		86D976BC19139FDE00D5C854 /* Debug */ = {
			isa = XCBuildConfiguration;
			buildSettings = {
				ALWAYS_SEARCH_USER_PATHS = NO;
				CLANG_CXX_LANGUAGE_STANDARD = "gnu++0x";
				CLANG_CXX_LIBRARY = "libc++";
				CLANG_ENABLE_MODULES = YES;
				CLANG_ENABLE_OBJC_ARC = YES;
				CLANG_WARN_BOOL_CONVERSION = YES;
				CLANG_WARN_CONSTANT_CONVERSION = YES;
				CLANG_WARN_DIRECT_OBJC_ISA_USAGE = YES_ERROR;
				CLANG_WARN_EMPTY_BODY = YES;
				CLANG_WARN_ENUM_CONVERSION = YES;
				CLANG_WARN_INT_CONVERSION = YES;
				CLANG_WARN_OBJC_ROOT_CLASS = YES_ERROR;
				CLANG_WARN__DUPLICATE_METHOD_MATCH = YES;
				"CODE_SIGN_IDENTITY[sdk=iphoneos*]" = "iPhone Developer";
				COPY_PHASE_STRIP = NO;
				GCC_C_LANGUAGE_STANDARD = gnu99;
				GCC_DYNAMIC_NO_PIC = NO;
				GCC_OPTIMIZATION_LEVEL = 0;
				GCC_PREPROCESSOR_DEFINITIONS = (
					"DEBUG=1",
					"$(inherited)",
				);
				GCC_SYMBOLS_PRIVATE_EXTERN = NO;
				GCC_WARN_64_TO_32_BIT_CONVERSION = YES;
				GCC_WARN_ABOUT_RETURN_TYPE = YES_ERROR;
				GCC_WARN_UNDECLARED_SELECTOR = YES;
				GCC_WARN_UNINITIALIZED_AUTOS = YES_AGGRESSIVE;
				GCC_WARN_UNUSED_FUNCTION = YES;
				GCC_WARN_UNUSED_VARIABLE = YES;
				IPHONEOS_DEPLOYMENT_TARGET = 7.1;
				ONLY_ACTIVE_ARCH = YES;
				SDKROOT = iphoneos;
			};
			name = Debug;
		};
		86D976BD19139FDE00D5C854 /* Release */ = {
			isa = XCBuildConfiguration;
			buildSettings = {
				ALWAYS_SEARCH_USER_PATHS = NO;
				CLANG_CXX_LANGUAGE_STANDARD = "gnu++0x";
				CLANG_CXX_LIBRARY = "libc++";
				CLANG_ENABLE_MODULES = YES;
				CLANG_ENABLE_OBJC_ARC = YES;
				CLANG_WARN_BOOL_CONVERSION = YES;
				CLANG_WARN_CONSTANT_CONVERSION = YES;
				CLANG_WARN_DIRECT_OBJC_ISA_USAGE = YES_ERROR;
				CLANG_WARN_EMPTY_BODY = YES;
				CLANG_WARN_ENUM_CONVERSION = YES;
				CLANG_WARN_INT_CONVERSION = YES;
				CLANG_WARN_OBJC_ROOT_CLASS = YES_ERROR;
				CLANG_WARN__DUPLICATE_METHOD_MATCH = YES;
				"CODE_SIGN_IDENTITY[sdk=iphoneos*]" = "iPhone Developer";
				COPY_PHASE_STRIP = YES;
				ENABLE_NS_ASSERTIONS = NO;
				GCC_C_LANGUAGE_STANDARD = gnu99;
				GCC_WARN_64_TO_32_BIT_CONVERSION = YES;
				GCC_WARN_ABOUT_RETURN_TYPE = YES_ERROR;
				GCC_WARN_UNDECLARED_SELECTOR = YES;
				GCC_WARN_UNINITIALIZED_AUTOS = YES_AGGRESSIVE;
				GCC_WARN_UNUSED_FUNCTION = YES;
				GCC_WARN_UNUSED_VARIABLE = YES;
				IPHONEOS_DEPLOYMENT_TARGET = 7.1;
				SDKROOT = iphoneos;
				VALIDATE_PRODUCT = YES;
			};
			name = Release;
		};
		86D976BF19139FDE00D5C854 /* Debug */ = {
			isa = XCBuildConfiguration;
			buildSettings = {
				ASSETCATALOG_COMPILER_APPICON_NAME = AppIcon;
				ASSETCATALOG_COMPILER_LAUNCHIMAGE_NAME = LaunchImage;
				GCC_PRECOMPILE_PREFIX_HEADER = YES;
				GCC_PREFIX_HEADER = "Seznam Demo/Seznam Demo-Prefix.pch";
				INFOPLIST_FILE = "Seznam Demo/Seznam Demo-Info.plist";
				PRODUCT_NAME = "$(TARGET_NAME)";
				WRAPPER_EXTENSION = app;
			};
			name = Debug;
		};
		86D976C019139FDE00D5C854 /* Release */ = {
			isa = XCBuildConfiguration;
			buildSettings = {
				ASSETCATALOG_COMPILER_APPICON_NAME = AppIcon;
				ASSETCATALOG_COMPILER_LAUNCHIMAGE_NAME = LaunchImage;
				GCC_PRECOMPILE_PREFIX_HEADER = YES;
				GCC_PREFIX_HEADER = "Seznam Demo/Seznam Demo-Prefix.pch";
				INFOPLIST_FILE = "Seznam Demo/Seznam Demo-Info.plist";
				PRODUCT_NAME = "$(TARGET_NAME)";
				WRAPPER_EXTENSION = app;
			};
			name = Release;
		};
		86D976C219139FDE00D5C854 /* Debug */ = {
			isa = XCBuildConfiguration;
			buildSettings = {
				BUNDLE_LOADER = "$(BUILT_PRODUCTS_DIR)/Seznam Demo.app/Seznam Demo";
				FRAMEWORK_SEARCH_PATHS = (
					"$(SDKROOT)/Developer/Library/Frameworks",
					"$(inherited)",
					"$(DEVELOPER_FRAMEWORKS_DIR)",
				);
				GCC_PRECOMPILE_PREFIX_HEADER = YES;
				GCC_PREFIX_HEADER = "Seznam Demo/Seznam Demo-Prefix.pch";
				GCC_PREPROCESSOR_DEFINITIONS = (
					"DEBUG=1",
					"$(inherited)",
				);
				INFOPLIST_FILE = "Seznam DemoTests/Seznam DemoTests-Info.plist";
				PRODUCT_NAME = "$(TARGET_NAME)";
				TEST_HOST = "$(BUNDLE_LOADER)";
				WRAPPER_EXTENSION = xctest;
			};
			name = Debug;
		};
		86D976C319139FDE00D5C854 /* Release */ = {
			isa = XCBuildConfiguration;
			buildSettings = {
				BUNDLE_LOADER = "$(BUILT_PRODUCTS_DIR)/Seznam Demo.app/Seznam Demo";
				FRAMEWORK_SEARCH_PATHS = (
					"$(SDKROOT)/Developer/Library/Frameworks",
					"$(inherited)",
					"$(DEVELOPER_FRAMEWORKS_DIR)",
				);
				GCC_PRECOMPILE_PREFIX_HEADER = YES;
				GCC_PREFIX_HEADER = "Seznam Demo/Seznam Demo-Prefix.pch";
				INFOPLIST_FILE = "Seznam DemoTests/Seznam DemoTests-Info.plist";
				PRODUCT_NAME = "$(TARGET_NAME)";
				TEST_HOST = "$(BUNDLE_LOADER)";
				WRAPPER_EXTENSION = xctest;
			};
			name = Release;
		};
/* End XCBuildConfiguration section */

/* Begin XCConfigurationList section */
		86D9768719139FDD00D5C854 /* Build configuration list for PBXProject "Seznam Demo" */ = {
			isa = XCConfigurationList;
			buildConfigurations = (
				86D976BC19139FDE00D5C854 /* Debug */,
				86D976BD19139FDE00D5C854 /* Release */,
			);
			defaultConfigurationIsVisible = 0;
			defaultConfigurationName = Release;
		};
		86D976BE19139FDE00D5C854 /* Build configuration list for PBXNativeTarget "Seznam Demo" */ = {
			isa = XCConfigurationList;
			buildConfigurations = (
				86D976BF19139FDE00D5C854 /* Debug */,
				86D976C019139FDE00D5C854 /* Release */,
			);
			defaultConfigurationIsVisible = 0;
			defaultConfigurationName = Release;
		};
		86D976C119139FDE00D5C854 /* Build configuration list for PBXNativeTarget "Seznam DemoTests" */ = {
			isa = XCConfigurationList;
			buildConfigurations = (
				86D976C219139FDE00D5C854 /* Debug */,
				86D976C319139FDE00D5C854 /* Release */,
			);
			defaultConfigurationIsVisible = 0;
			defaultConfigurationName = Release;
		};
/* End XCConfigurationList section */
	};
	rootObject = 86D9768419139FDD00D5C854 /* Project object */;
}
